
Microsoft Visual Studio Solution File, Format Version 11.00
# Visual C# Express 2010
Project("{FAE04EC0-301F-11D3-BF4B-00C04F79EFBC}") = "fuchsia", "fuchsia\fuchsia.csproj", "{6BE7ECF8-A8DD-4DAC-A2CA-F11BC9CCB39B}"
EndProject
Global
	GlobalSection(SolutionConfigurationPlatforms) = preSolution
		Debug|Any CPU = Debug|Any CPU
		Debug|x86 = Debug|x86
		Release|Any CPU = Release|Any CPU
		Release|x86 = Release|x86
	EndGlobalSection
	GlobalSection(ProjectConfigurationPlatforms) = postSolution
		{6BE7ECF8-A8DD-4DAC-A2CA-F11BC9CCB39B}.Debug|Any CPU.ActiveCfg = Debug|Any CPU
		{6BE7ECF8-A8DD-4DAC-A2CA-F11BC9CCB39B}.Debug|Any CPU.Build.0 = Debug|Any CPU
		{6BE7ECF8-A8DD-4DAC-A2CA-F11BC9CCB39B}.Debug|x86.ActiveCfg = Debug|x86
		{6BE7ECF8-A8DD-4DAC-A2CA-F11BC9CCB39B}.Debug|x86.Build.0 = Debug|x86
		{6BE7ECF8-A8DD-4DAC-A2CA-F11BC9CCB39B}.Release|Any CPU.ActiveCfg = Release|Any CPU
		{6BE7ECF8-A8DD-4DAC-A2CA-F11BC9CCB39B}.Release|Any CPU.Build.0 = Release|Any CPU
		{6BE7ECF8-A8DD-4DAC-A2CA-F11BC9CCB39B}.Release|x86.ActiveCfg = Release|x86
		{6BE7ECF8-A8DD-4DAC-A2CA-F11BC9CCB39B}.Release|x86.Build.0 = Release|x86
	EndGlobalSection
	GlobalSection(SolutionProperties) = preSolution
		HideSolutionNode = FALSE
	EndGlobalSection
EndGlobal
